version = 1
revision = 3
requires-python = ">=3.14"
resolution-markers = [
    "(python_full_version >= '3.15' and sys_platform == 'linux') or (platform_machine != 'aarch64' and sys_platform == 'linux') or (platform_python_implementation != 'CPython' and sys_platform == 'linux') or (sys_platform != 'darwin' and sys_platform != 'linux')",
    "python_full_version < '3.15' and platform_machine == 'aarch64' and platform_python_implementation == 'CPython' and sys_platform == 'linux'",
    "sys_platform == 'darwin'",
]

[[package]]
name = "bert"
version = "0.1.0"
source = { editable = "." }
dependencies = [
    { name = "torch", version = "2.9.0", source = { registry = "https://download.pytorch.org/whl/cpu" }, marker = "sys_platform == 'darwin'" },
    { name = "torch", version = "2.9.0+cpu", source = { registry = "https://download.pytorch.org/whl/cpu" }, marker = "sys_platform != 'darwin'" },
    { name = "torchvision", version = "0.24.0", source = { registry = "https://download.pytorch.org/whl/cpu" }, marker = "(python_full_version < '3.15' and platform_machine == 'aarch64' and platform_python_implementation == 'CPython' and sys_platform == 'linux') or sys_platform == 'darwin'" },
    { name = "torchvision", version = "0.24.0+cpu", source = { registry = "https://download.pytorch.org/whl/cpu" }, marker = "(python_full_version >= '3.15' and sys_platform == 'linux') or (platform_machine != 'aarch64' and sys_platform == 'linux') or (platform_python_implementation != 'CPython' and sys_platform == 'linux') or (sys_platform != 'darwin' and sys_platform != 'linux')" },
]

[package.metadata]
requires-dist = [
    { name = "torch", specifier = ">=2.9.0" },
    { name = "torchvision", specifier = ">=0.24.0" },
]

[[package]]
name = "filelock"
version = "3.19.1"
source = { registry = "https://download.pytorch.org/whl/cpu" }
wheels = [
    { url = "https://download.pytorch.org/whl/filelock-3.19.1-py3-none-any.whl" },
]

[[package]]
name = "fsspec"
version = "2025.9.0"
source = { registry = "https://download.pytorch.org/whl/cpu" }
wheels = [
    { url = "https://download.pytorch.org/whl/fsspec-2025.9.0-py3-none-any.whl" },
]

[[package]]
name = "jinja2"
version = "3.1.6"
source = { registry = "https://download.pytorch.org/whl/cpu" }
dependencies = [
    { name = "markupsafe" },
]
wheels = [
    { url = "https://download.pytorch.org/whl/jinja2-3.1.6-py3-none-any.whl" },
]

[[package]]
name = "markupsafe"
version = "2.1.5"
source = { registry = "https://download.pytorch.org/whl/cpu" }
sdist = { url = "https://download.pytorch.org/whl/MarkupSafe-2.1.5.tar.gz", hash = "sha256:d283d37a890ba4c1ae73ffadf8046435c76e7bc2247bbb63c00bd1a709c6544b" }

[[package]]
name = "mpmath"
version = "1.3.0"
source = { registry = "https://download.pytorch.org/whl/cpu" }
wheels = [
    { url = "https://download.pytorch.org/whl/mpmath-1.3.0-py3-none-any.whl", hash = "sha256:a0b2b9fe80bbcd81a6647ff13108738cfb482d481d826cc0e02f5b35e5c88d2c" },
]

[[package]]
name = "networkx"
version = "3.5"
source = { registry = "https://download.pytorch.org/whl/cpu" }
wheels = [
    { url = "https://download.pytorch.org/whl/networkx-3.5-py3-none-any.whl" },
]

[[package]]
name = "numpy"
version = "2.3.3"
source = { registry = "https://download.pytorch.org/whl/cpu" }
wheels = [
    { url = "https://download.pytorch.org/whl/numpy-2.3.3-cp314-cp314-macosx_10_13_x86_64.whl" },
    { url = "https://download.pytorch.org/whl/numpy-2.3.3-cp314-cp314-macosx_11_0_arm64.whl" },
    { url = "https://download.pytorch.org/whl/numpy-2.3.3-cp314-cp314-macosx_14_0_arm64.whl" },
    { url = "https://download.pytorch.org/whl/numpy-2.3.3-cp314-cp314-macosx_14_0_x86_64.whl" },
    { url = "https://download.pytorch.org/whl/numpy-2.3.3-cp314-cp314-manylinux_2_27_aarch64.manylinux_2_28_aarch64.whl" },
    { url = "https://download.pytorch.org/whl/numpy-2.3.3-cp314-cp314-manylinux_2_27_x86_64.manylinux_2_28_x86_64.whl" },
    { url = "https://download.pytorch.org/whl/numpy-2.3.3-cp314-cp314-win_amd64.whl" },
    { url = "https://download.pytorch.org/whl/numpy-2.3.3-cp314-cp314-win_arm64.whl" },
    { url = "https://download.pytorch.org/whl/numpy-2.3.3-cp314-cp314t-macosx_10_13_x86_64.whl" },
    { url = "https://download.pytorch.org/whl/numpy-2.3.3-cp314-cp314t-macosx_11_0_arm64.whl" },
    { url = "https://download.pytorch.org/whl/numpy-2.3.3-cp314-cp314t-macosx_14_0_arm64.whl" },
    { url = "https://download.pytorch.org/whl/numpy-2.3.3-cp314-cp314t-macosx_14_0_x86_64.whl" },
    { url = "https://download.pytorch.org/whl/numpy-2.3.3-cp314-cp314t-manylinux_2_27_aarch64.manylinux_2_28_aarch64.whl" },
    { url = "https://download.pytorch.org/whl/numpy-2.3.3-cp314-cp314t-manylinux_2_27_x86_64.manylinux_2_28_x86_64.whl" },
    { url = "https://download.pytorch.org/whl/numpy-2.3.3-cp314-cp314t-win_amd64.whl" },
    { url = "https://download.pytorch.org/whl/numpy-2.3.3-cp314-cp314t-win_arm64.whl" },
]

[[package]]
name = "pillow"
version = "11.3.0"
source = { registry = "https://download.pytorch.org/whl/cpu" }
wheels = [
    { url = "https://download.pytorch.org/whl/pillow-11.3.0-cp314-cp314-macosx_10_13_x86_64.whl" },
    { url = "https://download.pytorch.org/whl/pillow-11.3.0-cp314-cp314-macosx_11_0_arm64.whl" },
    { url = "https://download.pytorch.org/whl/pillow-11.3.0-cp314-cp314-manylinux2014_aarch64.manylinux_2_17_aarch64.whl" },
    { url = "https://download.pytorch.org/whl/pillow-11.3.0-cp314-cp314-manylinux2014_x86_64.manylinux_2_17_x86_64.whl" },
    { url = "https://download.pytorch.org/whl/pillow-11.3.0-cp314-cp314-manylinux_2_27_aarch64.manylinux_2_28_aarch64.whl" },
    { url = "https://download.pytorch.org/whl/pillow-11.3.0-cp314-cp314-manylinux_2_27_x86_64.manylinux_2_28_x86_64.whl" },
    { url = "https://download.pytorch.org/whl/pillow-11.3.0-cp314-cp314-win_amd64.whl" },
    { url = "https://download.pytorch.org/whl/pillow-11.3.0-cp314-cp314-win_arm64.whl" },
    { url = "https://download.pytorch.org/whl/pillow-11.3.0-cp314-cp314t-macosx_10_13_x86_64.whl" },
    { url = "https://download.pytorch.org/whl/pillow-11.3.0-cp314-cp314t-macosx_11_0_arm64.whl" },
    { url = "https://download.pytorch.org/whl/pillow-11.3.0-cp314-cp314t-manylinux2014_aarch64.manylinux_2_17_aarch64.whl" },
    { url = "https://download.pytorch.org/whl/pillow-11.3.0-cp314-cp314t-manylinux2014_x86_64.manylinux_2_17_x86_64.whl" },
    { url = "https://download.pytorch.org/whl/pillow-11.3.0-cp314-cp314t-manylinux_2_27_aarch64.manylinux_2_28_aarch64.whl" },
    { url = "https://download.pytorch.org/whl/pillow-11.3.0-cp314-cp314t-manylinux_2_27_x86_64.manylinux_2_28_x86_64.whl" },
    { url = "https://download.pytorch.org/whl/pillow-11.3.0-cp314-cp314t-win_amd64.whl" },
    { url = "https://download.pytorch.org/whl/pillow-11.3.0-cp314-cp314t-win_arm64.whl" },
]

[[package]]
name = "setuptools"
version = "70.2.0"
source = { registry = "https://download.pytorch.org/whl/cpu" }
wheels = [
    { url = "https://download.pytorch.org/whl/setuptools-70.2.0-py3-none-any.whl", hash = "sha256:b8b8060bb426838fbe942479c90296ce976249451118ef566a5a0b7d8b78fb05" },
]

[[package]]
name = "sympy"
version = "1.14.0"
source = { registry = "https://download.pytorch.org/whl/cpu" }
dependencies = [
    { name = "mpmath" },
]
wheels = [
    { url = "https://download.pytorch.org/whl/sympy-1.14.0-py3-none-any.whl" },
]

[[package]]
name = "torch"
version = "2.9.0"
source = { registry = "https://download.pytorch.org/whl/cpu" }
resolution-markers = [
    "sys_platform == 'darwin'",
]
dependencies = [
    { name = "filelock", marker = "sys_platform == 'darwin'" },
    { name = "fsspec", marker = "sys_platform == 'darwin'" },
    { name = "jinja2", marker = "sys_platform == 'darwin'" },
    { name = "networkx", marker = "sys_platform == 'darwin'" },
    { name = "setuptools", marker = "sys_platform == 'darwin'" },
    { name = "sympy", marker = "sys_platform == 'darwin'" },
    { name = "typing-extensions", marker = "sys_platform == 'darwin'" },
]
wheels = [
    { url = "https://download.pytorch.org/whl/cpu/torch-2.9.0-cp314-cp314-macosx_11_0_arm64.whl", hash = "sha256:d8e2ab7f86010330bdcc39c8b2c795590cc75e37df4823cdaee2c98d6e3ff4a3" },
    { url = "https://download.pytorch.org/whl/cpu/torch-2.9.0-cp314-cp314t-macosx_11_0_arm64.whl", hash = "sha256:a3e859039c985d8e3ea60d7a54ca7e97ea2ae15e31beced4f3260128a161bb01" },
]

[[package]]
name = "torch"
version = "2.9.0+cpu"
source = { registry = "https://download.pytorch.org/whl/cpu" }
resolution-markers = [
    "(python_full_version >= '3.15' and sys_platform == 'linux') or (platform_machine != 'aarch64' and sys_platform == 'linux') or (platform_python_implementation != 'CPython' and sys_platform == 'linux') or (sys_platform != 'darwin' and sys_platform != 'linux')",
    "python_full_version < '3.15' and platform_machine == 'aarch64' and platform_python_implementation == 'CPython' and sys_platform == 'linux'",
]
dependencies = [
    { name = "filelock", marker = "sys_platform != 'darwin'" },
    { name = "fsspec", marker = "sys_platform != 'darwin'" },
    { name = "jinja2", marker = "sys_platform != 'darwin'" },
    { name = "networkx", marker = "sys_platform != 'darwin'" },
    { name = "setuptools", marker = "sys_platform != 'darwin'" },
    { name = "sympy", marker = "sys_platform != 'darwin'" },
    { name = "typing-extensions", marker = "sys_platform != 'darwin'" },
]
wheels = [
    { url = "https://download.pytorch.org/whl/cpu/torch-2.9.0%2Bcpu-cp314-cp314-manylinux_2_28_aarch64.whl", hash = "sha256:44aadb735774d4a99525d2ec29126b23016c44a07b02ce6c237dfa61a223dd52" },
    { url = "https://download.pytorch.org/whl/cpu/torch-2.9.0%2Bcpu-cp314-cp314-manylinux_2_28_x86_64.whl", hash = "sha256:b355e07b7f0c369cb031adfcbff5c37a609abcea091b918a39886412afd2e07d" },
    { url = "https://download.pytorch.org/whl/cpu/torch-2.9.0%2Bcpu-cp314-cp314-win_amd64.whl", hash = "sha256:c2698999361d73c2d25d7cc8a787130188d49b183abb18b554228daa102e1594" },
    { url = "https://download.pytorch.org/whl/cpu/torch-2.9.0%2Bcpu-cp314-cp314t-manylinux_2_28_aarch64.whl", hash = "sha256:fa0d1373d04b30ff8f12d542135d292f1a1ddb7c0d852a3d487a320360e5dab9" },
    { url = "https://download.pytorch.org/whl/cpu/torch-2.9.0%2Bcpu-cp314-cp314t-manylinux_2_28_x86_64.whl", hash = "sha256:2f49bb57a5fe0dc7f8e73ea9e5d36ebda2ea25b8a714a788f0fc2fc47d20a830" },
    { url = "https://download.pytorch.org/whl/cpu/torch-2.9.0%2Bcpu-cp314-cp314t-win_amd64.whl", hash = "sha256:3a60d1ecf27a9cce839b3aa665b26f0af1b1007b9c9f1e7f597f6b7bdf107617" },
]

[[package]]
name = "torchvision"
version = "0.24.0"
source = { registry = "https://download.pytorch.org/whl/cpu" }
resolution-markers = [
    "python_full_version < '3.15' and platform_machine == 'aarch64' and platform_python_implementation == 'CPython' and sys_platform == 'linux'",
    "sys_platform == 'darwin'",
]
dependencies = [
    { name = "numpy", marker = "(python_full_version < '3.15' and platform_machine == 'aarch64' and platform_python_implementation == 'CPython' and sys_platform == 'linux') or sys_platform == 'darwin'" },
    { name = "pillow", marker = "(python_full_version < '3.15' and platform_machine == 'aarch64' and platform_python_implementation == 'CPython' and sys_platform == 'linux') or sys_platform == 'darwin'" },
    { name = "torch", version = "2.9.0", source = { registry = "https://download.pytorch.org/whl/cpu" }, marker = "sys_platform == 'darwin'" },
    { name = "torch", version = "2.9.0+cpu", source = { registry = "https://download.pytorch.org/whl/cpu" }, marker = "python_full_version < '3.15' and platform_machine == 'aarch64' and platform_python_implementation == 'CPython' and sys_platform == 'linux'" },
]
wheels = [
    { url = "https://download.pytorch.org/whl/cpu/torchvision-0.24.0-cp314-cp314-macosx_11_0_arm64.whl", hash = "sha256:4bdfc85a5ed706421555f32cdc5e3ddb6d40bf65ef03a274ce3c176393e2904b" },
    { url = "https://download.pytorch.org/whl/cpu/torchvision-0.24.0-cp314-cp314-manylinux_2_28_aarch64.whl", hash = "sha256:73576a9c4a593223fbae85a64e8bbd77049abd1101893ecf3c5e981284fd58b4" },
    { url = "https://download.pytorch.org/whl/cpu/torchvision-0.24.0-cp314-cp314t-macosx_11_0_arm64.whl", hash = "sha256:68120e7e03c31900e499a10bb7fdd63cfd67f0054c9fa108e7e27f9cd372f315" },
    { url = "https://download.pytorch.org/whl/cpu/torchvision-0.24.0-cp314-cp314t-manylinux_2_28_aarch64.whl", hash = "sha256:64e54494043eecf9f57a9881c6fdea49c62282782e737c002ae8b1639e6ea80e" },
]

[[package]]
name = "torchvision"
version = "0.24.0+cpu"
source = { registry = "https://download.pytorch.org/whl/cpu" }
resolution-markers = [
    "(python_full_version >= '3.15' and sys_platform == 'linux') or (platform_machine != 'aarch64' and sys_platform == 'linux') or (platform_python_implementation != 'CPython' and sys_platform == 'linux') or (sys_platform != 'darwin' and sys_platform != 'linux')",
]
dependencies = [
    { name = "numpy", marker = "(python_full_version >= '3.15' and sys_platform == 'linux') or (platform_machine != 'aarch64' and sys_platform == 'linux') or (platform_python_implementation != 'CPython' and sys_platform == 'linux') or (sys_platform != 'darwin' and sys_platform != 'linux')" },
    { name = "pillow", marker = "(python_full_version >= '3.15' and sys_platform == 'linux') or (platform_machine != 'aarch64' and sys_platform == 'linux') or (platform_python_implementation != 'CPython' and sys_platform == 'linux') or (sys_platform != 'darwin' and sys_platform != 'linux')" },
    { name = "torch", version = "2.9.0+cpu", source = { registry = "https://download.pytorch.org/whl/cpu" }, marker = "(python_full_version >= '3.15' and sys_platform == 'linux') or (platform_machine != 'aarch64' and sys_platform == 'linux') or (platform_python_implementation != 'CPython' and sys_platform == 'linux') or (sys_platform != 'darwin' and sys_platform != 'linux')" },
]
wheels = [
    { url = "https://download.pytorch.org/whl/cpu/torchvision-0.24.0%2Bcpu-cp314-cp314-manylinux_2_28_x86_64.whl", hash = "sha256:214a12ae8a3332da83cace9e513dcfdb3a87606e11ee2bb256a4f0172c61441b" },
    { url = "https://download.pytorch.org/whl/cpu/torchvision-0.24.0%2Bcpu-cp314-cp314-win_amd64.whl", hash = "sha256:691be31ba48c8ad1a2ce066022f0cf24c701bb77f08dacc5fcf0964fc361444e" },
    { url = "https://download.pytorch.org/whl/cpu/torchvision-0.24.0%2Bcpu-cp314-cp314t-manylinux_2_28_x86_64.whl", hash = "sha256:1fa4ea1c4a33b1a21c69d066321fc8a89534f01cbecc1c54e726e340036aa61c" },
    { url = "https://download.pytorch.org/whl/cpu/torchvision-0.24.0%2Bcpu-cp314-cp314t-win_amd64.whl", hash = "sha256:ef4a10f713f2a0de08c791abeb9e4ab1e9c6e0ce563c7e83da139c99e6d2712e" },
]

[[package]]
name = "typing-extensions"
version = "4.15.0"
source = { registry = "https://download.pytorch.org/whl/cpu" }
wheels = [
    { url = "https://download.pytorch.org/whl/typing_extensions-4.15.0-py3-none-any.whl" },
]
